// !$*UTF8*$!
{
	archiveVersion = 1;
	classes = {
	};
	objectVersion = 77;
	objects = {

/* Begin PBXBuildFile section */
		00179B452ECEA436001B1941 /* TipStore.swift in Sources */ = {isa = PBXBuildFile; fileRef = 00179B442ECEA436001B1941 /* TipStore.swift */; };
		001F95192ECD8C03007A09F5 /* OrientationHelper.swift in Sources */ = {isa = PBXBuildFile; fileRef = 001F95182ECD8C03007A09F5 /* OrientationHelper.swift */; };
		001F951F2ECD8EF7007A09F5 /* LockedHostingController.swift in Sources */ = {isa = PBXBuildFile; fileRef = 001F951E2ECD8EF7007A09F5 /* LockedHostingController.swift */; };
		006848F82ECFD44E0037D320 /* BoardView.swift in Sources */ = {isa = PBXBuildFile; fileRef = 006848F72ECFD44E0037D320 /* BoardView.swift */; };
		006848FA2ECFD45D0037D320 /* Overlays.swift in Sources */ = {isa = PBXBuildFile; fileRef = 006848F92ECFD45D0037D320 /* Overlays.swift */; };
		006848FC2ECFD46E0037D320 /* PreGameView.swift in Sources */ = {isa = PBXBuildFile; fileRef = 006848FB2ECFD46E0037D320 /* PreGameView.swift */; };
		006848FE2ECFD4750037D320 /* HighScoresView.swift in Sources */ = {isa = PBXBuildFile; fileRef = 006848FD2ECFD4750037D320 /* HighScoresView.swift */; };
		006849002ECFD47A0037D320 /* HighScoresSheet.swift in Sources */ = {isa = PBXBuildFile; fileRef = 006848FF2ECFD47A0037D320 /* HighScoresSheet.swift */; };
		006849022ECFD47D0037D320 /* SettingsSheet.swift in Sources */ = {isa = PBXBuildFile; fileRef = 006849012ECFD47D0037D320 /* SettingsSheet.swift */; };
		008CADD72EC558BA001BA388 /* Pick21SolitaireApp.swift in Sources */ = {isa = PBXBuildFile; fileRef = 008CADD62EC558BA001BA388 /* Pick21SolitaireApp.swift */; };
		008CADD92EC558C1001BA388 /* Models.swift in Sources */ = {isa = PBXBuildFile; fileRef = 008CADD82EC558C1001BA388 /* Models.swift */; };
		008CADDB2EC558C9001BA388 /* GameState.swift in Sources */ = {isa = PBXBuildFile; fileRef = 008CADDA2EC558C9001BA388 /* GameState.swift */; };
		008CADDD2EC558D9001BA388 /* ContentView.swift in Sources */ = {isa = PBXBuildFile; fileRef = 008CADDC2EC558D9001BA388 /* ContentView.swift */; };
		008CADDF2EC55D5D001BA388 /* CardView.swift in Sources */ = {isa = PBXBuildFile; fileRef = 008CADDE2EC55D5D001BA388 /* CardView.swift */; };
		00A161382EC6C3DE00272C0D /* LayoutConfig.swift in Sources */ = {isa = PBXBuildFile; fileRef = 00A161372EC6C3DE00272C0D /* LayoutConfig.swift */; };
/* End PBXBuildFile section */

/* Begin PBXFileReference section */
		00179B442ECEA436001B1941 /* TipStore.swift */ = {isa = PBXFileReference; lastKnownFileType = sourcecode.swift; path = TipStore.swift; sourceTree = "<group>"; };
		001F95182ECD8C03007A09F5 /* OrientationHelper.swift */ = {isa = PBXFileReference; lastKnownFileType = sourcecode.swift; path = OrientationHelper.swift; sourceTree = "<group>"; };
		001F951E2ECD8EF7007A09F5 /* LockedHostingController.swift */ = {isa = PBXFileReference; lastKnownFileType = sourcecode.swift; path = LockedHostingController.swift; sourceTree = "<group>"; };
		006848F72ECFD44E0037D320 /* BoardView.swift */ = {isa = PBXFileReference; lastKnownFileType = sourcecode.swift; path = BoardView.swift; sourceTree = "<group>"; };
		006848F92ECFD45D0037D320 /* Overlays.swift */ = {isa = PBXFileReference; lastKnownFileType = sourcecode.swift; path = Overlays.swift; sourceTree = "<group>"; };
		006848FB2ECFD46E0037D320 /* PreGameView.swift */ = {isa = PBXFileReference; lastKnownFileType = sourcecode.swift; path = PreGameView.swift; sourceTree = "<group>"; };
		006848FD2ECFD4750037D320 /* HighScoresView.swift */ = {isa = PBXFileReference; lastKnownFileType = sourcecode.swift; path = HighScoresView.swift; sourceTree = "<group>"; };
		006848FF2ECFD47A0037D320 /* HighScoresSheet.swift */ = {isa = PBXFileReference; lastKnownFileType = sourcecode.swift; path = HighScoresSheet.swift; sourceTree = "<group>"; };
		006849012ECFD47D0037D320 /* SettingsSheet.swift */ = {isa = PBXFileReference; lastKnownFileType = sourcecode.swift; path = SettingsSheet.swift; sourceTree = "<group>"; };
		008CADC82EC55881001BA388 /* Pick 21 Solitaire.app */ = {isa = PBXFileReference; explicitFileType = wrapper.application; includeInIndex = 0; path = "Pick 21 Solitaire.app"; sourceTree = BUILT_PRODUCTS_DIR; };
		008CADD62EC558BA001BA388 /* Pick21SolitaireApp.swift */ = {isa = PBXFileReference; lastKnownFileType = sourcecode.swift; path = Pick21SolitaireApp.swift; sourceTree = "<group>"; };
		008CADD82EC558C1001BA388 /* Models.swift */ = {isa = PBXFileReference; lastKnownFileType = sourcecode.swift; path = Models.swift; sourceTree = "<group>"; };
		008CADDA2EC558C9001BA388 /* GameState.swift */ = {isa = PBXFileReference; lastKnownFileType = sourcecode.swift; path = GameState.swift; sourceTree = "<group>"; };
		008CADDC2EC558D9001BA388 /* ContentView.swift */ = {isa = PBXFileReference; lastKnownFileType = sourcecode.swift; path = ContentView.swift; sourceTree = "<group>"; };
		008CADDE2EC55D5D001BA388 /* CardView.swift */ = {isa = PBXFileReference; lastKnownFileType = sourcecode.swift; path = CardView.swift; sourceTree = "<group>"; };
		00A161372EC6C3DE00272C0D /* LayoutConfig.swift */ = {isa = PBXFileReference; lastKnownFileType = sourcecode.swift; path = LayoutConfig.swift; sourceTree = "<group>"; };
/* End PBXFileReference section */

/* Begin PBXFileSystemSynchronizedRootGroup section */
		008CADCA2EC55881001BA388 /* Pick 21 Solitaire */ = {
			isa = PBXFileSystemSynchronizedRootGroup;
			path = "Pick 21 Solitaire";
			sourceTree = "<group>";
		};
/* End PBXFileSystemSynchronizedRootGroup section */

/* Begin PBXFrameworksBuildPhase section */
		008CADC52EC55881001BA388 /* Frameworks */ = {
			isa = PBXFrameworksBuildPhase;
			buildActionMask = 2147483647;
			files = (
			);
			runOnlyForDeploymentPostprocessing = 0;
		};
/* End PBXFrameworksBuildPhase section */

/* Begin PBXGroup section */
		008CADBF2EC55881001BA388 = {
			isa = PBXGroup;
			children = (
				008CADCA2EC55881001BA388 /* Pick 21 Solitaire */,
				008CADC92EC55881001BA388 /* Products */,
				008CADD62EC558BA001BA388 /* Pick21SolitaireApp.swift */,
				008CADD82EC558C1001BA388 /* Models.swift */,
				008CADDA2EC558C9001BA388 /* GameState.swift */,
				008CADDC2EC558D9001BA388 /* ContentView.swift */,
				008CADDE2EC55D5D001BA388 /* CardView.swift */,
				00A161372EC6C3DE00272C0D /* LayoutConfig.swift */,
				001F95182ECD8C03007A09F5 /* OrientationHelper.swift */,
				001F951E2ECD8EF7007A09F5 /* LockedHostingController.swift */,
				00179B442ECEA436001B1941 /* TipStore.swift */,
				006848F72ECFD44E0037D320 /* BoardView.swift */,
				006848F92ECFD45D0037D320 /* Overlays.swift */,
				006848FB2ECFD46E0037D320 /* PreGameView.swift */,
				006848FD2ECFD4750037D320 /* HighScoresView.swift */,
				006848FF2ECFD47A0037D320 /* HighScoresSheet.swift */,
				006849012ECFD47D0037D320 /* SettingsSheet.swift */,
			);
			sourceTree = "<group>";
		};
		008CADC92EC55881001BA388 /* Products */ = {
			isa = PBXGroup;
			children = (
				008CADC82EC55881001BA388 /* Pick 21 Solitaire.app */,
			);
			name = Products;
			sourceTree = "<group>";
		};
/* End PBXGroup section */

/* Begin PBXNativeTarget section */
		008CADC72EC55881001BA388 /* Pick 21 Solitaire */ = {
			isa = PBXNativeTarget;
			buildConfigurationList = 008CADD32EC55882001BA388 /* Build configuration list for PBXNativeTarget "Pick 21 Solitaire" */;
			buildPhases = (
				008CADC42EC55881001BA388 /* Sources */,
				008CADC52EC55881001BA388 /* Frameworks */,
				008CADC62EC55881001BA388 /* Resources */,
			);
			buildRules = (
			);
			dependencies = (
			);
			fileSystemSynchronizedGroups = (
				008CADCA2EC55881001BA388 /* Pick 21 Solitaire */,
			);
			name = "Pick 21 Solitaire";
			packageProductDependencies = (
			);
			productName = "Pick 21 Solitaire";
			productReference = 008CADC82EC55881001BA388 /* Pick 21 Solitaire.app */;
			productType = "com.apple.product-type.application";
		};
/* End PBXNativeTarget section */

/* Begin PBXProject section */
		008CADC02EC55881001BA388 /* Project object */ = {
			isa = PBXProject;
			attributes = {
				BuildIndependentTargetsInParallel = 1;
				LastSwiftUpdateCheck = 2610;
				LastUpgradeCheck = 2610;
				TargetAttributes = {
					008CADC72EC55881001BA388 = {
						CreatedOnToolsVersion = 26.1.1;
					};
				};
			};
			buildConfigurationList = 008CADC32EC55881001BA388 /* Build configuration list for PBXProject "Pick 21 Solitaire" */;
			developmentRegion = en;
			hasScannedForEncodings = 0;
			knownRegions = (
				en,
				Base,
			);
			mainGroup = 008CADBF2EC55881001BA388;
			minimizedProjectReferenceProxies = 1;
			preferredProjectObjectVersion = 77;
			productRefGroup = 008CADC92EC55881001BA388 /* Products */;
			projectDirPath = "";
			projectRoot = "";
			targets = (
				008CADC72EC55881001BA388 /* Pick 21 Solitaire */,
			);
		};
/* End PBXProject section */

/* Begin PBXResourcesBuildPhase section */
		008CADC62EC55881001BA388 /* Resources */ = {
			isa = PBXResourcesBuildPhase;
			buildActionMask = 2147483647;
			files = (
			);
			runOnlyForDeploymentPostprocessing = 0;
		};
/* End PBXResourcesBuildPhase section */

/* Begin PBXSourcesBuildPhase section */
		008CADC42EC55881001BA388 /* Sources */ = {
			isa = PBXSourcesBuildPhase;
			buildActionMask = 2147483647;
			files = (
				008CADDB2EC558C9001BA388 /* GameState.swift in Sources */,
				008CADD72EC558BA001BA388 /* Pick21SolitaireApp.swift in Sources */,
				00179B452ECEA436001B1941 /* TipStore.swift in Sources */,
				001F951F2ECD8EF7007A09F5 /* LockedHostingController.swift in Sources */,
				008CADDD2EC558D9001BA388 /* ContentView.swift in Sources */,
				00A161382EC6C3DE00272C0D /* LayoutConfig.swift in Sources */,
				008CADD92EC558C1001BA388 /* Models.swift in Sources */,
				006848FA2ECFD45D0037D320 /* Overlays.swift in Sources */,
				006848FC2ECFD46E0037D320 /* PreGameView.swift in Sources */,
				006849022ECFD47D0037D320 /* SettingsSheet.swift in Sources */,
				006848FE2ECFD4750037D320 /* HighScoresView.swift in Sources */,
				006849002ECFD47A0037D320 /* HighScoresSheet.swift in Sources */,
				006848F82ECFD44E0037D320 /* BoardView.swift in Sources */,
				008CADDF2EC55D5D001BA388 /* CardView.swift in Sources */,
				001F95192ECD8C03007A09F5 /* OrientationHelper.swift in Sources */,
			);
			runOnlyForDeploymentPostprocessing = 0;
		};
/* End PBXSourcesBuildPhase section */

/* Begin XCBuildConfiguration section */
		008CADD12EC55882001BA388 /* Debug */ = {
			isa = XCBuildConfiguration;
			buildSettings = {
				ALWAYS_SEARCH_USER_PATHS = NO;
				ASSETCATALOG_COMPILER_GENERATE_SWIFT_ASSET_SYMBOL_EXTENSIONS = YES;
				CLANG_ANALYZER_NONNULL = YES;
				CLANG_ANALYZER_NUMBER_OBJECT_CONVERSION = YES_AGGRESSIVE;
				CLANG_CXX_LANGUAGE_STANDARD = "gnu++20";
				CLANG_ENABLE_MODULES = YES;
				CLANG_ENABLE_OBJC_ARC = YES;
				CLANG_ENABLE_OBJC_WEAK = YES;
				CLANG_WARN_BLOCK_CAPTURE_AUTORELEASING = YES;
				CLANG_WARN_BOOL_CONVERSION = YES;
				CLANG_WARN_COMMA = YES;
				CLANG_WARN_CONSTANT_CONVERSION = YES;
				CLANG_WARN_DEPRECATED_OBJC_IMPLEMENTATIONS = YES;
				CLANG_WARN_DIRECT_OBJC_ISA_USAGE = YES_ERROR;
				CLANG_WARN_DOCUMENTATION_COMMENTS = YES;
				CLANG_WARN_EMPTY_BODY = YES;
				CLANG_WARN_ENUM_CONVERSION = YES;
				CLANG_WARN_INFINITE_RECURSION = YES;
				CLANG_WARN_INT_CONVERSION = YES;
				CLANG_WARN_NON_LITERAL_NULL_CONVERSION = YES;
				CLANG_WARN_OBJC_IMPLICIT_RETAIN_SELF = YES;
				CLANG_WARN_OBJC_LITERAL_CONVERSION = YES;
				CLANG_WARN_OBJC_ROOT_CLASS = YES_ERROR;
				CLANG_WARN_QUOTED_INCLUDE_IN_FRAMEWORK_HEADER = YES;
				CLANG_WARN_RANGE_LOOP_ANALYSIS = YES;
				CLANG_WARN_STRICT_PROTOTYPES = YES;
				CLANG_WARN_SUSPICIOUS_MOVE = YES;
				CLANG_WARN_UNGUARDED_AVAILABILITY = YES_AGGRESSIVE;
				CLANG_WARN_UNREACHABLE_CODE = YES;
				CLANG_WARN__DUPLICATE_METHOD_MATCH = YES;
				COPY_PHASE_STRIP = NO;
				DEBUG_INFORMATION_FORMAT = dwarf;
				ENABLE_STRICT_OBJC_MSGSEND = YES;
				ENABLE_TESTABILITY = YES;
				ENABLE_USER_SCRIPT_SANDBOXING = YES;
				GCC_C_LANGUAGE_STANDARD = gnu17;
				GCC_DYNAMIC_NO_PIC = NO;
				GCC_NO_COMMON_BLOCKS = YES;
				GCC_OPTIMIZATION_LEVEL = 0;
				GCC_PREPROCESSOR_DEFINITIONS = (
					"DEBUG=1",
					"$(inherited)",
				);
				GCC_WARN_64_TO_32_BIT_CONVERSION = YES;
				GCC_WARN_ABOUT_RETURN_TYPE = YES_ERROR;
				GCC_WARN_UNDECLARED_SELECTOR = YES;
				GCC_WARN_UNINITIALIZED_AUTOS = YES_AGGRESSIVE;
				GCC_WARN_UNUSED_FUNCTION = YES;
				GCC_WARN_UNUSED_VARIABLE = YES;
				LOCALIZATION_PREFERS_STRING_CATALOGS = YES;
				MTL_ENABLE_DEBUG_INFO = INCLUDE_SOURCE;
				MTL_FAST_MATH = YES;
				ONLY_ACTIVE_ARCH = YES;
				SWIFT_ACTIVE_COMPILATION_CONDITIONS = "DEBUG $(inherited)";
				SWIFT_OPTIMIZATION_LEVEL = "-Onone";
			};
			name = Debug;
		};
		008CADD22EC55882001BA388 /* Release */ = {
			isa = XCBuildConfiguration;
			buildSettings = {
				ALWAYS_SEARCH_USER_PATHS = NO;
				ASSETCATALOG_COMPILER_GENERATE_SWIFT_ASSET_SYMBOL_EXTENSIONS = YES;
				CLANG_ANALYZER_NONNULL = YES;
				CLANG_ANALYZER_NUMBER_OBJECT_CONVERSION = YES_AGGRESSIVE;
				CLANG_CXX_LANGUAGE_STANDARD = "gnu++20";
				CLANG_ENABLE_MODULES = YES;
				CLANG_ENABLE_OBJC_ARC = YES;
				CLANG_ENABLE_OBJC_WEAK = YES;
				CLANG_WARN_BLOCK_CAPTURE_AUTORELEASING = YES;
				CLANG_WARN_BOOL_CONVERSION = YES;
				CLANG_WARN_COMMA = YES;
				CLANG_WARN_CONSTANT_CONVERSION = YES;
				CLANG_WARN_DEPRECATED_OBJC_IMPLEMENTATIONS = YES;
				CLANG_WARN_DIRECT_OBJC_ISA_USAGE = YES_ERROR;
				CLANG_WARN_DOCUMENTATION_COMMENTS = YES;
				CLANG_WARN_EMPTY_BODY = YES;
				CLANG_WARN_ENUM_CONVERSION = YES;
				CLANG_WARN_INFINITE_RECURSION = YES;
				CLANG_WARN_INT_CONVERSION = YES;
				CLANG_WARN_NON_LITERAL_NULL_CONVERSION = YES;
				CLANG_WARN_OBJC_IMPLICIT_RETAIN_SELF = YES;
				CLANG_WARN_OBJC_LITERAL_CONVERSION = YES;
				CLANG_WARN_OBJC_ROOT_CLASS = YES_ERROR;
				CLANG_WARN_QUOTED_INCLUDE_IN_FRAMEWORK_HEADER = YES;
				CLANG_WARN_RANGE_LOOP_ANALYSIS = YES;
				CLANG_WARN_STRICT_PROTOTYPES = YES;
				CLANG_WARN_SUSPICIOUS_MOVE = YES;
				CLANG_WARN_UNGUARDED_AVAILABILITY = YES_AGGRESSIVE;
				CLANG_WARN_UNREACHABLE_CODE = YES;
				CLANG_WARN__DUPLICATE_METHOD_MATCH = YES;
				COPY_PHASE_STRIP = NO;
				DEBUG_INFORMATION_FORMAT = "dwarf-with-dsym";
				ENABLE_NS_ASSERTIONS = NO;
				ENABLE_STRICT_OBJC_MSGSEND = YES;
				ENABLE_USER_SCRIPT_SANDBOXING = YES;
				GCC_C_LANGUAGE_STANDARD = gnu17;
				GCC_NO_COMMON_BLOCKS = YES;
				GCC_WARN_64_TO_32_BIT_CONVERSION = YES;
				GCC_WARN_ABOUT_RETURN_TYPE = YES_ERROR;
				GCC_WARN_UNDECLARED_SELECTOR = YES;
				GCC_WARN_UNINITIALIZED_AUTOS = YES_AGGRESSIVE;
				GCC_WARN_UNUSED_FUNCTION = YES;
				GCC_WARN_UNUSED_VARIABLE = YES;
				LOCALIZATION_PREFERS_STRING_CATALOGS = YES;
				MTL_ENABLE_DEBUG_INFO = NO;
				MTL_FAST_MATH = YES;
				SWIFT_COMPILATION_MODE = wholemodule;
			};
			name = Release;
		};
		008CADD42EC55882001BA388 /* Debug */ = {
			isa = XCBuildConfiguration;
			buildSettings = {
				ASSETCATALOG_COMPILER_APPICON_NAME = AppIcon;
				ASSETCATALOG_COMPILER_GLOBAL_ACCENT_COLOR_NAME = AccentColor;
				CODE_SIGN_STYLE = Automatic;
				CURRENT_PROJECT_VERSION = 1;
				DEVELOPMENT_TEAM = HGHAK37NB7;
				ENABLE_APP_SANDBOX = YES;
				ENABLE_PREVIEWS = YES;
				ENABLE_USER_SELECTED_FILES = readonly;
				GENERATE_INFOPLIST_FILE = YES;
				"INFOPLIST_KEY_UIApplicationSceneManifest_Generation[sdk=iphoneos*]" = YES;
				"INFOPLIST_KEY_UIApplicationSceneManifest_Generation[sdk=iphonesimulator*]" = YES;
				"INFOPLIST_KEY_UIApplicationSupportsIndirectInputEvents[sdk=iphoneos*]" = YES;
				"INFOPLIST_KEY_UIApplicationSupportsIndirectInputEvents[sdk=iphonesimulator*]" = YES;
				"INFOPLIST_KEY_UILaunchScreen_Generation[sdk=iphoneos*]" = YES;
				"INFOPLIST_KEY_UILaunchScreen_Generation[sdk=iphonesimulator*]" = YES;
				"INFOPLIST_KEY_UIStatusBarStyle[sdk=iphoneos*]" = UIStatusBarStyleDefault;
				"INFOPLIST_KEY_UIStatusBarStyle[sdk=iphonesimulator*]" = UIStatusBarStyleDefault;
				INFOPLIST_KEY_UISupportedInterfaceOrientations = "UIInterfaceOrientationLandscapeLeft UIInterfaceOrientationLandscapeRight";
				INFOPLIST_KEY_UISupportedInterfaceOrientations_iPad = "UIInterfaceOrientationLandscapeLeft UIInterfaceOrientationLandscapeRight UIInterfaceOrientationPortrait UIInterfaceOrientationPortraitUpsideDown";
				IPHONEOS_DEPLOYMENT_TARGET = 26.1;
				LD_RUNPATH_SEARCH_PATHS = "@executable_path/Frameworks";
				"LD_RUNPATH_SEARCH_PATHS[sdk=macosx*]" = "@executable_path/../Frameworks";
				MACOSX_DEPLOYMENT_TARGET = 26.0;
				MARKETING_VERSION = 1.0;
				PRODUCT_BUNDLE_IDENTIFIER = "gabeknuth.Pick-21-Solitaire";
				PRODUCT_NAME = "$(TARGET_NAME)";
				REGISTER_APP_GROUPS = YES;
				SDKROOT = auto;
				STRING_CATALOG_GENERATE_SYMBOLS = YES;
				SUPPORTED_PLATFORMS = "iphoneos iphonesimulator";
				SUPPORTS_MACCATALYST = NO;
				SWIFT_APPROACHABLE_CONCURRENCY = YES;
				SWIFT_DEFAULT_ACTOR_ISOLATION = MainActor;
				SWIFT_EMIT_LOC_STRINGS = YES;
				SWIFT_UPCOMING_FEATURE_MEMBER_IMPORT_VISIBILITY = YES;
				SWIFT_VERSION = 5.0;
				TARGETED_DEVICE_FAMILY = "1,2";
				XROS_DEPLOYMENT_TARGET = 26.1;
			};
			name = Debug;
		};
		008CADD52EC55882001BA388 /* Release */ = {
			isa = XCBuildConfiguration;
			buildSettings = {
				ASSETCATALOG_COMPILER_APPICON_NAME = AppIcon;
				ASSETCATALOG_COMPILER_GLOBAL_ACCENT_COLOR_NAME = AccentColor;
				CODE_SIGN_STYLE = Automatic;
				CURRENT_PROJECT_VERSION = 1;
				DEVELOPMENT_TEAM = HGHAK37NB7;
				ENABLE_APP_SANDBOX = YES;
				ENABLE_PREVIEWS = YES;
				ENABLE_USER_SELECTED_FILES = readonly;
				GENERATE_INFOPLIST_FILE = YES;
				"INFOPLIST_KEY_UIApplicationSceneManifest_Generation[sdk=iphoneos*]" = YES;
				"INFOPLIST_KEY_UIApplicationSceneManifest_Generation[sdk=iphonesimulator*]" = YES;
				"INFOPLIST_KEY_UIApplicationSupportsIndirectInputEvents[sdk=iphoneos*]" = YES;
				"INFOPLIST_KEY_UIApplicationSupportsIndirectInputEvents[sdk=iphonesimulator*]" = YES;
				"INFOPLIST_KEY_UILaunchScreen_Generation[sdk=iphoneos*]" = YES;
				"INFOPLIST_KEY_UILaunchScreen_Generation[sdk=iphonesimulator*]" = YES;
				"INFOPLIST_KEY_UIStatusBarStyle[sdk=iphoneos*]" = UIStatusBarStyleDefault;
				"INFOPLIST_KEY_UIStatusBarStyle[sdk=iphonesimulator*]" = UIStatusBarStyleDefault;
				INFOPLIST_KEY_UISupportedInterfaceOrientations = "UIInterfaceOrientationLandscapeLeft UIInterfaceOrientationLandscapeRight";
				INFOPLIST_KEY_UISupportedInterfaceOrientations_iPad = "UIInterfaceOrientationLandscapeLeft UIInterfaceOrientationLandscapeRight UIInterfaceOrientationPortrait UIInterfaceOrientationPortraitUpsideDown";
				IPHONEOS_DEPLOYMENT_TARGET = 26.1;
				LD_RUNPATH_SEARCH_PATHS = "@executable_path/Frameworks";
				"LD_RUNPATH_SEARCH_PATHS[sdk=macosx*]" = "@executable_path/../Frameworks";
				MACOSX_DEPLOYMENT_TARGET = 26.0;
				MARKETING_VERSION = 1.0;
				PRODUCT_BUNDLE_IDENTIFIER = "gabeknuth.Pick-21-Solitaire";
				PRODUCT_NAME = "$(TARGET_NAME)";
				REGISTER_APP_GROUPS = YES;
				SDKROOT = auto;
				STRING_CATALOG_GENERATE_SYMBOLS = YES;
				SUPPORTED_PLATFORMS = "iphoneos iphonesimulator";
				SUPPORTS_MACCATALYST = NO;
				SWIFT_APPROACHABLE_CONCURRENCY = YES;
				SWIFT_DEFAULT_ACTOR_ISOLATION = MainActor;
				SWIFT_EMIT_LOC_STRINGS = YES;
				SWIFT_UPCOMING_FEATURE_MEMBER_IMPORT_VISIBILITY = YES;
				SWIFT_VERSION = 5.0;
				TARGETED_DEVICE_FAMILY = "1,2";
				XROS_DEPLOYMENT_TARGET = 26.1;
			};
			name = Release;
		};
/* End XCBuildConfiguration section */

/* Begin XCConfigurationList section */
		008CADC32EC55881001BA388 /* Build configuration list for PBXProject "Pick 21 Solitaire" */ = {
			isa = XCConfigurationList;
			buildConfigurations = (
				008CADD12EC55882001BA388 /* Debug */,
				008CADD22EC55882001BA388 /* Release */,
			);
			defaultConfigurationIsVisible = 0;
			defaultConfigurationName = Release;
		};
		008CADD32EC55882001BA388 /* Build configuration list for PBXNativeTarget "Pick 21 Solitaire" */ = {
			isa = XCConfigurationList;
			buildConfigurations = (
				008CADD42EC55882001BA388 /* Debug */,
				008CADD52EC55882001BA388 /* Release */,
			);
			defaultConfigurationIsVisible = 0;
			defaultConfigurationName = Release;
		};
/* End XCConfigurationList section */
	};
	rootObject = 008CADC02EC55881001BA388 /* Project object */;
}
